
Microsoft Visual Studio Solution File, Format Version 12.00
# Visual Studio Version 16
VisualStudioVersion = 16.0.30114.105
MinimumVisualStudioVersion = 10.0.40219.1
Project("{FAE04EC0-301F-11D3-BF4B-00C04F79EFBC}") = "PasswordManagement.API", "PasswordManagement.API\PasswordManagement.API.csproj", "{A5939FF4-E445-44EB-9C58-6DFB5EEC759B}"
EndProject
Project("{FAE04EC0-301F-11D3-BF4B-00C04F79EFBC}") = "PasswordManagement.Services", "PasswordManagement.Services\PasswordManagement.Services.csproj", "{7133FF45-E059-4158-86E8-C9CB75D12E2F}"
EndProject
Project("{FAE04EC0-301F-11D3-BF4B-00C04F79EFBC}") = "PasswordManagement.Repository", "PasswordManagement.Repository\PasswordManagement.Repository.csproj", "{4411E957-0222-4092-A8DD-EE2654D0EE39}"
EndProject
Project("{FAE04EC0-301F-11D3-BF4B-00C04F79EFBC}") = "PasswordManagement.Domain", "PasswordManagement.Domain\PasswordManagement.Domain.csproj", "{F0B3F170-B2A5-49C4-9485-3FBA46BAAFD9}"
EndProject
Project("{FAE04EC0-301F-11D3-BF4B-00C04F79EFBC}") = "PasswordManagement.Services.Test", "PasswordManagement.Services.Test\PasswordManagement.Services.Test.csproj", "{BC9C73BA-3E52-45C9-BCA4-46EBC5FC336A}"
EndProject
Global
	GlobalSection(SolutionConfigurationPlatforms) = preSolution
		Debug|Any CPU = Debug|Any CPU
		Release|Any CPU = Release|Any CPU
	EndGlobalSection
	GlobalSection(SolutionProperties) = preSolution
		HideSolutionNode = FALSE
	EndGlobalSection
	GlobalSection(ProjectConfigurationPlatforms) = postSolution
		{A5939FF4-E445-44EB-9C58-6DFB5EEC759B}.Debug|Any CPU.ActiveCfg = Debug|Any CPU
		{A5939FF4-E445-44EB-9C58-6DFB5EEC759B}.Debug|Any CPU.Build.0 = Debug|Any CPU
		{A5939FF4-E445-44EB-9C58-6DFB5EEC759B}.Release|Any CPU.ActiveCfg = Release|Any CPU
		{A5939FF4-E445-44EB-9C58-6DFB5EEC759B}.Release|Any CPU.Build.0 = Release|Any CPU
		{7133FF45-E059-4158-86E8-C9CB75D12E2F}.Debug|Any CPU.ActiveCfg = Debug|Any CPU
		{7133FF45-E059-4158-86E8-C9CB75D12E2F}.Debug|Any CPU.Build.0 = Debug|Any CPU
		{7133FF45-E059-4158-86E8-C9CB75D12E2F}.Release|Any CPU.ActiveCfg = Release|Any CPU
		{7133FF45-E059-4158-86E8-C9CB75D12E2F}.Release|Any CPU.Build.0 = Release|Any CPU
		{4411E957-0222-4092-A8DD-EE2654D0EE39}.Debug|Any CPU.ActiveCfg = Debug|Any CPU
		{4411E957-0222-4092-A8DD-EE2654D0EE39}.Debug|Any CPU.Build.0 = Debug|Any CPU
		{4411E957-0222-4092-A8DD-EE2654D0EE39}.Release|Any CPU.ActiveCfg = Release|Any CPU
		{4411E957-0222-4092-A8DD-EE2654D0EE39}.Release|Any CPU.Build.0 = Release|Any CPU
		{F0B3F170-B2A5-49C4-9485-3FBA46BAAFD9}.Debug|Any CPU.ActiveCfg = Debug|Any CPU
		{F0B3F170-B2A5-49C4-9485-3FBA46BAAFD9}.Debug|Any CPU.Build.0 = Debug|Any CPU
		{F0B3F170-B2A5-49C4-9485-3FBA46BAAFD9}.Release|Any CPU.ActiveCfg = Release|Any CPU
		{F0B3F170-B2A5-49C4-9485-3FBA46BAAFD9}.Release|Any CPU.Build.0 = Release|Any CPU
		{BC9C73BA-3E52-45C9-BCA4-46EBC5FC336A}.Debug|Any CPU.ActiveCfg = Debug|Any CPU
		{BC9C73BA-3E52-45C9-BCA4-46EBC5FC336A}.Debug|Any CPU.Build.0 = Debug|Any CPU
		{BC9C73BA-3E52-45C9-BCA4-46EBC5FC336A}.Release|Any CPU.ActiveCfg = Release|Any CPU
		{BC9C73BA-3E52-45C9-BCA4-46EBC5FC336A}.Release|Any CPU.Build.0 = Release|Any CPU
	EndGlobalSection
EndGlobal
